// !$*UTF8*$!
{
	archiveVersion = 1;
	classes = {
	};
	objectVersion = 77;
	objects = {

/* Begin PBXContainerItemProxy section */
		982A194B2E51FE58003F1C26 /* PBXContainerItemProxy */ = {
			isa = PBXContainerItemProxy;
			containerPortal = 982A19352E51FE57003F1C26 /* Project object */;
			proxyType = 1;
			remoteGlobalIDString = 982A193C2E51FE57003F1C26;
			remoteInfo = ListaTudo;
		};
		982A19552E51FE58003F1C26 /* PBXContainerItemProxy */ = {
			isa = PBXContainerItemProxy;
			containerPortal = 982A19352E51FE57003F1C26 /* Project object */;
			proxyType = 1;
			remoteGlobalIDString = 982A193C2E51FE57003F1C26;
			remoteInfo = ListaTudo;
		};
/* End PBXContainerItemProxy section */

/* Begin PBXFileReference section */
		982A193D2E51FE57003F1C26 /* ChoreQuest.app */ = {isa = PBXFileReference; explicitFileType = wrapper.application; includeInIndex = 0; path = ChoreQuest.app; sourceTree = BUILT_PRODUCTS_DIR; };
		982A194A2E51FE58003F1C26 /* ChoreQuestTests.xctest */ = {isa = PBXFileReference; explicitFileType = wrapper.cfbundle; includeInIndex = 0; path = ChoreQuestTests.xctest; sourceTree = BUILT_PRODUCTS_DIR; };
		982A19542E51FE58003F1C26 /* ChoreQuestUITests.xctest */ = {isa = PBXFileReference; explicitFileType = wrapper.cfbundle; includeInIndex = 0; path = ChoreQuestUITests.xctest; sourceTree = BUILT_PRODUCTS_DIR; };
		9842ED852E95907A0010A8F1 /* ChoreQuest.xctestplan */ = {isa = PBXFileReference; lastKnownFileType = text; path = ChoreQuest.xctestplan; sourceTree = "<group>"; };
/* End PBXFileReference section */

/* Begin PBXFileSystemSynchronizedBuildFileExceptionSet section */
		9842ED782E95348E0010A8F1 /* Exceptions for "ChoreQuest" folder in "ChoreQuestTests" target */ = {
			isa = PBXFileSystemSynchronizedBuildFileExceptionSet;
			membershipExceptions = (
				Protocols/MainViewModelProtocol.swift,
				Protocols/ToastViewModelProtocol.swift,
				Views/SharedViews/Toast/ToastStyle.swift,
			);
			target = 982A19492E51FE58003F1C26 /* ChoreQuestTests */;
		};
		9842ED792E95348E0010A8F1 /* Exceptions for "ChoreQuest" folder in "ChoreQuestUITests" target */ = {
			isa = PBXFileSystemSynchronizedBuildFileExceptionSet;
			membershipExceptions = (
				Protocols/MainViewModelProtocol.swift,
				Protocols/ToastViewModelProtocol.swift,
				Views/SharedViews/Toast/Toast.swift,
				Views/SharedViews/Toast/ToastModifier.swift,
				Views/SharedViews/Toast/ToastStyle.swift,
			);
			target = 982A19532E51FE58003F1C26 /* ChoreQuestUITests */;
		};
/* End PBXFileSystemSynchronizedBuildFileExceptionSet section */

/* Begin PBXFileSystemSynchronizedRootGroup section */
		982A193F2E51FE57003F1C26 /* ChoreQuest */ = {
			isa = PBXFileSystemSynchronizedRootGroup;
			exceptions = (
				9842ED782E95348E0010A8F1 /* Exceptions for "ChoreQuest" folder in "ChoreQuestTests" target */,
				9842ED792E95348E0010A8F1 /* Exceptions for "ChoreQuest" folder in "ChoreQuestUITests" target */,
			);
			path = ChoreQuest;
			sourceTree = "<group>";
		};
		982A194D2E51FE58003F1C26 /* ChoreQuestTests */ = {
			isa = PBXFileSystemSynchronizedRootGroup;
			path = ChoreQuestTests;
			sourceTree = "<group>";
		};
		982A19572E51FE58003F1C26 /* ChoreQuestUITests */ = {
			isa = PBXFileSystemSynchronizedRootGroup;
			path = ChoreQuestUITests;
			sourceTree = "<group>";
		};
/* End PBXFileSystemSynchronizedRootGroup section */

/* Begin PBXFrameworksBuildPhase section */
		982A193A2E51FE57003F1C26 /* Frameworks */ = {
			isa = PBXFrameworksBuildPhase;
			buildActionMask = 2147483647;
			files = (
			);
			runOnlyForDeploymentPostprocessing = 0;
		};
		982A19472E51FE58003F1C26 /* Frameworks */ = {
			isa = PBXFrameworksBuildPhase;
			buildActionMask = 2147483647;
			files = (
			);
			runOnlyForDeploymentPostprocessing = 0;
		};
		982A19512E51FE58003F1C26 /* Frameworks */ = {
			isa = PBXFrameworksBuildPhase;
			buildActionMask = 2147483647;
			files = (
			);
			runOnlyForDeploymentPostprocessing = 0;
		};
/* End PBXFrameworksBuildPhase section */

/* Begin PBXGroup section */
		982A19342E51FE57003F1C26 = {
			isa = PBXGroup;
			children = (
				9842ED852E95907A0010A8F1 /* ChoreQuest.xctestplan */,
				982A193F2E51FE57003F1C26 /* ChoreQuest */,
				982A194D2E51FE58003F1C26 /* ChoreQuestTests */,
				982A19572E51FE58003F1C26 /* ChoreQuestUITests */,
				982A193E2E51FE57003F1C26 /* Products */,
			);
			sourceTree = "<group>";
		};
		982A193E2E51FE57003F1C26 /* Products */ = {
			isa = PBXGroup;
			children = (
				982A193D2E51FE57003F1C26 /* ChoreQuest.app */,
				982A194A2E51FE58003F1C26 /* ChoreQuestTests.xctest */,
				982A19542E51FE58003F1C26 /* ChoreQuestUITests.xctest */,
			);
			name = Products;
			sourceTree = "<group>";
		};
/* End PBXGroup section */

/* Begin PBXNativeTarget section */
		982A193C2E51FE57003F1C26 /* ChoreQuest */ = {
			isa = PBXNativeTarget;
			buildConfigurationList = 982A195E2E51FE58003F1C26 /* Build configuration list for PBXNativeTarget "ChoreQuest" */;
			buildPhases = (
				982A19392E51FE57003F1C26 /* Sources */,
				982A193A2E51FE57003F1C26 /* Frameworks */,
				982A193B2E51FE57003F1C26 /* Resources */,
			);
			buildRules = (
			);
			dependencies = (
			);
			fileSystemSynchronizedGroups = (
				982A193F2E51FE57003F1C26 /* ChoreQuest */,
			);
			name = ChoreQuest;
			packageProductDependencies = (
			);
			productName = ListaTudo;
			productReference = 982A193D2E51FE57003F1C26 /* ChoreQuest.app */;
			productType = "com.apple.product-type.application";
		};
		982A19492E51FE58003F1C26 /* ChoreQuestTests */ = {
			isa = PBXNativeTarget;
			buildConfigurationList = 982A19612E51FE58003F1C26 /* Build configuration list for PBXNativeTarget "ChoreQuestTests" */;
			buildPhases = (
				982A19462E51FE58003F1C26 /* Sources */,
				982A19472E51FE58003F1C26 /* Frameworks */,
				982A19482E51FE58003F1C26 /* Resources */,
			);
			buildRules = (
			);
			dependencies = (
				982A194C2E51FE58003F1C26 /* PBXTargetDependency */,
			);
			fileSystemSynchronizedGroups = (
				982A194D2E51FE58003F1C26 /* ChoreQuestTests */,
			);
			name = ChoreQuestTests;
			packageProductDependencies = (
			);
			productName = ListaTudoTests;
			productReference = 982A194A2E51FE58003F1C26 /* ChoreQuestTests.xctest */;
			productType = "com.apple.product-type.bundle.unit-test";
		};
		982A19532E51FE58003F1C26 /* ChoreQuestUITests */ = {
			isa = PBXNativeTarget;
			buildConfigurationList = 982A19642E51FE58003F1C26 /* Build configuration list for PBXNativeTarget "ChoreQuestUITests" */;
			buildPhases = (
				982A19502E51FE58003F1C26 /* Sources */,
				982A19512E51FE58003F1C26 /* Frameworks */,
				982A19522E51FE58003F1C26 /* Resources */,
			);
			buildRules = (
			);
			dependencies = (
				982A19562E51FE58003F1C26 /* PBXTargetDependency */,
			);
			fileSystemSynchronizedGroups = (
				982A19572E51FE58003F1C26 /* ChoreQuestUITests */,
			);
			name = ChoreQuestUITests;
			packageProductDependencies = (
			);
			productName = ListaTudoUITests;
			productReference = 982A19542E51FE58003F1C26 /* ChoreQuestUITests.xctest */;
			productType = "com.apple.product-type.bundle.ui-testing";
		};
/* End PBXNativeTarget section */

/* Begin PBXProject section */
		982A19352E51FE57003F1C26 /* Project object */ = {
			isa = PBXProject;
			attributes = {
				BuildIndependentTargetsInParallel = 1;
				LastSwiftUpdateCheck = 1640;
				LastUpgradeCheck = 1640;
				TargetAttributes = {
					982A193C2E51FE57003F1C26 = {
						CreatedOnToolsVersion = 16.4;
					};
					982A19492E51FE58003F1C26 = {
						CreatedOnToolsVersion = 16.4;
						TestTargetID = 982A193C2E51FE57003F1C26;
					};
					982A19532E51FE58003F1C26 = {
						CreatedOnToolsVersion = 16.4;
						TestTargetID = 982A193C2E51FE57003F1C26;
					};
				};
			};
			buildConfigurationList = 982A19382E51FE57003F1C26 /* Build configuration list for PBXProject "ChoreQuest" */;
			developmentRegion = en;
			hasScannedForEncodings = 0;
			knownRegions = (
				en,
				Base,
			);
			mainGroup = 982A19342E51FE57003F1C26;
			minimizedProjectReferenceProxies = 1;
			preferredProjectObjectVersion = 77;
			productRefGroup = 982A193E2E51FE57003F1C26 /* Products */;
			projectDirPath = "";
			projectRoot = "";
			targets = (
				982A193C2E51FE57003F1C26 /* ChoreQuest */,
				982A19492E51FE58003F1C26 /* ChoreQuestTests */,
				982A19532E51FE58003F1C26 /* ChoreQuestUITests */,
			);
		};
/* End PBXProject section */

/* Begin PBXResourcesBuildPhase section */
		982A193B2E51FE57003F1C26 /* Resources */ = {
			isa = PBXResourcesBuildPhase;
			buildActionMask = 2147483647;
			files = (
			);
			runOnlyForDeploymentPostprocessing = 0;
		};
		982A19482E51FE58003F1C26 /* Resources */ = {
			isa = PBXResourcesBuildPhase;
			buildActionMask = 2147483647;
			files = (
			);
			runOnlyForDeploymentPostprocessing = 0;
		};
		982A19522E51FE58003F1C26 /* Resources */ = {
			isa = PBXResourcesBuildPhase;
			buildActionMask = 2147483647;
			files = (
			);
			runOnlyForDeploymentPostprocessing = 0;
		};
/* End PBXResourcesBuildPhase section */

/* Begin PBXSourcesBuildPhase section */
		982A19392E51FE57003F1C26 /* Sources */ = {
			isa = PBXSourcesBuildPhase;
			buildActionMask = 2147483647;
			files = (
			);
			runOnlyForDeploymentPostprocessing = 0;
		};
		982A19462E51FE58003F1C26 /* Sources */ = {
			isa = PBXSourcesBuildPhase;
			buildActionMask = 2147483647;
			files = (
			);
			runOnlyForDeploymentPostprocessing = 0;
		};
		982A19502E51FE58003F1C26 /* Sources */ = {
			isa = PBXSourcesBuildPhase;
			buildActionMask = 2147483647;
			files = (
			);
			runOnlyForDeploymentPostprocessing = 0;
		};
/* End PBXSourcesBuildPhase section */

/* Begin PBXTargetDependency section */
		982A194C2E51FE58003F1C26 /* PBXTargetDependency */ = {
			isa = PBXTargetDependency;
			target = 982A193C2E51FE57003F1C26 /* ChoreQuest */;
			targetProxy = 982A194B2E51FE58003F1C26 /* PBXContainerItemProxy */;
		};
		982A19562E51FE58003F1C26 /* PBXTargetDependency */ = {
			isa = PBXTargetDependency;
			target = 982A193C2E51FE57003F1C26 /* ChoreQuest */;
			targetProxy = 982A19552E51FE58003F1C26 /* PBXContainerItemProxy */;
		};
/* End PBXTargetDependency section */

/* Begin XCBuildConfiguration section */
		982A195C2E51FE58003F1C26 /* Debug */ = {
			isa = XCBuildConfiguration;
			buildSettings = {
				ALWAYS_SEARCH_USER_PATHS = NO;
				ASSETCATALOG_COMPILER_GENERATE_SWIFT_ASSET_SYMBOL_EXTENSIONS = YES;
				CLANG_ANALYZER_NONNULL = YES;
				CLANG_ANALYZER_NUMBER_OBJECT_CONVERSION = YES_AGGRESSIVE;
				CLANG_CXX_LANGUAGE_STANDARD = "gnu++20";
				CLANG_ENABLE_MODULES = YES;
				CLANG_ENABLE_OBJC_ARC = YES;
				CLANG_ENABLE_OBJC_WEAK = YES;
				CLANG_WARN_BLOCK_CAPTURE_AUTORELEASING = YES;
				CLANG_WARN_BOOL_CONVERSION = YES;
				CLANG_WARN_COMMA = YES;
				CLANG_WARN_CONSTANT_CONVERSION = YES;
				CLANG_WARN_DEPRECATED_OBJC_IMPLEMENTATIONS = YES;
				CLANG_WARN_DIRECT_OBJC_ISA_USAGE = YES_ERROR;
				CLANG_WARN_DOCUMENTATION_COMMENTS = YES;
				CLANG_WARN_EMPTY_BODY = YES;
				CLANG_WARN_ENUM_CONVERSION = YES;
				CLANG_WARN_INFINITE_RECURSION = YES;
				CLANG_WARN_INT_CONVERSION = YES;
				CLANG_WARN_NON_LITERAL_NULL_CONVERSION = YES;
				CLANG_WARN_OBJC_IMPLICIT_RETAIN_SELF = YES;
				CLANG_WARN_OBJC_LITERAL_CONVERSION = YES;
				CLANG_WARN_OBJC_ROOT_CLASS = YES_ERROR;
				CLANG_WARN_QUOTED_INCLUDE_IN_FRAMEWORK_HEADER = YES;
				CLANG_WARN_RANGE_LOOP_ANALYSIS = YES;
				CLANG_WARN_STRICT_PROTOTYPES = YES;
				CLANG_WARN_SUSPICIOUS_MOVE = YES;
				CLANG_WARN_UNGUARDED_AVAILABILITY = YES_AGGRESSIVE;
				CLANG_WARN_UNREACHABLE_CODE = YES;
				CLANG_WARN__DUPLICATE_METHOD_MATCH = YES;
				COPY_PHASE_STRIP = NO;
				DEBUG_INFORMATION_FORMAT = dwarf;
				DEVELOPMENT_TEAM = KYK47X3ZLC;
				ENABLE_STRICT_OBJC_MSGSEND = YES;
				ENABLE_TESTABILITY = YES;
				ENABLE_USER_SCRIPT_SANDBOXING = YES;
				GCC_C_LANGUAGE_STANDARD = gnu17;
				GCC_DYNAMIC_NO_PIC = NO;
				GCC_NO_COMMON_BLOCKS = YES;
				GCC_OPTIMIZATION_LEVEL = 0;
				GCC_PREPROCESSOR_DEFINITIONS = (
					"DEBUG=1",
					"$(inherited)",
				);
				GCC_WARN_64_TO_32_BIT_CONVERSION = YES;
				GCC_WARN_ABOUT_RETURN_TYPE = YES_ERROR;
				GCC_WARN_UNDECLARED_SELECTOR = YES;
				GCC_WARN_UNINITIALIZED_AUTOS = YES_AGGRESSIVE;
				GCC_WARN_UNUSED_FUNCTION = YES;
				GCC_WARN_UNUSED_VARIABLE = YES;
				IPHONEOS_DEPLOYMENT_TARGET = 18.5;
				LOCALIZATION_PREFERS_STRING_CATALOGS = YES;
				MTL_ENABLE_DEBUG_INFO = INCLUDE_SOURCE;
				MTL_FAST_MATH = YES;
				ONLY_ACTIVE_ARCH = YES;
				SDKROOT = iphoneos;
				SWIFT_ACTIVE_COMPILATION_CONDITIONS = "DEBUG $(inherited)";
				SWIFT_OPTIMIZATION_LEVEL = "-Onone";
			};
			name = Debug;
		};
		982A195D2E51FE58003F1C26 /* Release */ = {
			isa = XCBuildConfiguration;
			buildSettings = {
				ALWAYS_SEARCH_USER_PATHS = NO;
				ASSETCATALOG_COMPILER_GENERATE_SWIFT_ASSET_SYMBOL_EXTENSIONS = YES;
				CLANG_ANALYZER_NONNULL = YES;
				CLANG_ANALYZER_NUMBER_OBJECT_CONVERSION = YES_AGGRESSIVE;
				CLANG_CXX_LANGUAGE_STANDARD = "gnu++20";
				CLANG_ENABLE_MODULES = YES;
				CLANG_ENABLE_OBJC_ARC = YES;
				CLANG_ENABLE_OBJC_WEAK = YES;
				CLANG_WARN_BLOCK_CAPTURE_AUTORELEASING = YES;
				CLANG_WARN_BOOL_CONVERSION = YES;
				CLANG_WARN_COMMA = YES;
				CLANG_WARN_CONSTANT_CONVERSION = YES;
				CLANG_WARN_DEPRECATED_OBJC_IMPLEMENTATIONS = YES;
				CLANG_WARN_DIRECT_OBJC_ISA_USAGE = YES_ERROR;
				CLANG_WARN_DOCUMENTATION_COMMENTS = YES;
				CLANG_WARN_EMPTY_BODY = YES;
				CLANG_WARN_ENUM_CONVERSION = YES;
				CLANG_WARN_INFINITE_RECURSION = YES;
				CLANG_WARN_INT_CONVERSION = YES;
				CLANG_WARN_NON_LITERAL_NULL_CONVERSION = YES;
				CLANG_WARN_OBJC_IMPLICIT_RETAIN_SELF = YES;
				CLANG_WARN_OBJC_LITERAL_CONVERSION = YES;
				CLANG_WARN_OBJC_ROOT_CLASS = YES_ERROR;
				CLANG_WARN_QUOTED_INCLUDE_IN_FRAMEWORK_HEADER = YES;
				CLANG_WARN_RANGE_LOOP_ANALYSIS = YES;
				CLANG_WARN_STRICT_PROTOTYPES = YES;
				CLANG_WARN_SUSPICIOUS_MOVE = YES;
				CLANG_WARN_UNGUARDED_AVAILABILITY = YES_AGGRESSIVE;
				CLANG_WARN_UNREACHABLE_CODE = YES;
				CLANG_WARN__DUPLICATE_METHOD_MATCH = YES;
				COPY_PHASE_STRIP = NO;
				DEBUG_INFORMATION_FORMAT = "dwarf-with-dsym";
				DEVELOPMENT_TEAM = KYK47X3ZLC;
				ENABLE_NS_ASSERTIONS = NO;
				ENABLE_STRICT_OBJC_MSGSEND = YES;
				ENABLE_USER_SCRIPT_SANDBOXING = YES;
				GCC_C_LANGUAGE_STANDARD = gnu17;
				GCC_NO_COMMON_BLOCKS = YES;
				GCC_WARN_64_TO_32_BIT_CONVERSION = YES;
				GCC_WARN_ABOUT_RETURN_TYPE = YES_ERROR;
				GCC_WARN_UNDECLARED_SELECTOR = YES;
				GCC_WARN_UNINITIALIZED_AUTOS = YES_AGGRESSIVE;
				GCC_WARN_UNUSED_FUNCTION = YES;
				GCC_WARN_UNUSED_VARIABLE = YES;
				IPHONEOS_DEPLOYMENT_TARGET = 18.5;
				LOCALIZATION_PREFERS_STRING_CATALOGS = YES;
				MTL_ENABLE_DEBUG_INFO = NO;
				MTL_FAST_MATH = YES;
				SDKROOT = iphoneos;
				SWIFT_COMPILATION_MODE = wholemodule;
				VALIDATE_PRODUCT = YES;
			};
			name = Release;
		};
		982A195F2E51FE58003F1C26 /* Debug */ = {
			isa = XCBuildConfiguration;
			buildSettings = {
				ASSETCATALOG_COMPILER_APPICON_NAME = AppIcon;
				ASSETCATALOG_COMPILER_GLOBAL_ACCENT_COLOR_NAME = AccentColor;
				CODE_SIGN_STYLE = Automatic;
				CURRENT_PROJECT_VERSION = 1;
				DEVELOPMENT_TEAM = HXGGE8M769;
				ENABLE_PREVIEWS = YES;
				GENERATE_INFOPLIST_FILE = YES;
				INFOPLIST_KEY_UIApplicationSceneManifest_Generation = YES;
				INFOPLIST_KEY_UIApplicationSupportsIndirectInputEvents = YES;
				INFOPLIST_KEY_UILaunchScreen_Generation = YES;
				INFOPLIST_KEY_UISupportedInterfaceOrientations_iPad = "UIInterfaceOrientationPortrait UIInterfaceOrientationPortraitUpsideDown UIInterfaceOrientationLandscapeLeft UIInterfaceOrientationLandscapeRight";
				INFOPLIST_KEY_UISupportedInterfaceOrientations_iPhone = "UIInterfaceOrientationPortrait UIInterfaceOrientationLandscapeLeft UIInterfaceOrientationLandscapeRight";
				LD_RUNPATH_SEARCH_PATHS = (
					"$(inherited)",
					"@executable_path/Frameworks",
				);
				MARKETING_VERSION = 1.0;
				PRODUCT_BUNDLE_IDENTIFIER = com.studiesLeo.ChoreQuest;
				PRODUCT_NAME = "$(TARGET_NAME)";
				SWIFT_EMIT_LOC_STRINGS = YES;
				SWIFT_VERSION = 5.0;
				TARGETED_DEVICE_FAMILY = "1,2";
			};
			name = Debug;
		};
		982A19602E51FE58003F1C26 /* Release */ = {
			isa = XCBuildConfiguration;
			buildSettings = {
				ASSETCATALOG_COMPILER_APPICON_NAME = AppIcon;
				ASSETCATALOG_COMPILER_GLOBAL_ACCENT_COLOR_NAME = AccentColor;
				CODE_SIGN_STYLE = Automatic;
				CURRENT_PROJECT_VERSION = 1;
				DEVELOPMENT_TEAM = HXGGE8M769;
				ENABLE_PREVIEWS = YES;
				GENERATE_INFOPLIST_FILE = YES;
				INFOPLIST_KEY_UIApplicationSceneManifest_Generation = YES;
				INFOPLIST_KEY_UIApplicationSupportsIndirectInputEvents = YES;
				INFOPLIST_KEY_UILaunchScreen_Generation = YES;
				INFOPLIST_KEY_UISupportedInterfaceOrientations_iPad = "UIInterfaceOrientationPortrait UIInterfaceOrientationPortraitUpsideDown UIInterfaceOrientationLandscapeLeft UIInterfaceOrientationLandscapeRight";
				INFOPLIST_KEY_UISupportedInterfaceOrientations_iPhone = "UIInterfaceOrientationPortrait UIInterfaceOrientationLandscapeLeft UIInterfaceOrientationLandscapeRight";
				LD_RUNPATH_SEARCH_PATHS = (
					"$(inherited)",
					"@executable_path/Frameworks",
				);
				MARKETING_VERSION = 1.0;
				PRODUCT_BUNDLE_IDENTIFIER = com.studiesLeo.ChoreQuest;
				PRODUCT_NAME = "$(TARGET_NAME)";
				SWIFT_EMIT_LOC_STRINGS = YES;
				SWIFT_VERSION = 5.0;
				TARGETED_DEVICE_FAMILY = "1,2";
			};
			name = Release;
		};
		982A19622E51FE58003F1C26 /* Debug */ = {
			isa = XCBuildConfiguration;
			buildSettings = {
				BUNDLE_LOADER = "$(TEST_HOST)";
				CODE_SIGN_STYLE = Automatic;
				CURRENT_PROJECT_VERSION = 1;
				DEVELOPMENT_TEAM = KYK47X3ZLC;
				GENERATE_INFOPLIST_FILE = YES;
				IPHONEOS_DEPLOYMENT_TARGET = 18.5;
				MARKETING_VERSION = 1.0;
				PRODUCT_BUNDLE_IDENTIFIER = com.studiesLeo.ListaTudoTests;
				PRODUCT_NAME = "$(TARGET_NAME)";
				SWIFT_EMIT_LOC_STRINGS = NO;
				SWIFT_VERSION = 5.0;
				TARGETED_DEVICE_FAMILY = "1,2";
				TEST_HOST = "$(BUILT_PRODUCTS_DIR)/ChoreQuest.app/$(BUNDLE_EXECUTABLE_FOLDER_PATH)/ChoreQuest";
			};
			name = Debug;
		};
		982A19632E51FE58003F1C26 /* Release */ = {
			isa = XCBuildConfiguration;
			buildSettings = {
				BUNDLE_LOADER = "$(TEST_HOST)";
				CODE_SIGN_STYLE = Automatic;
				CURRENT_PROJECT_VERSION = 1;
				DEVELOPMENT_TEAM = KYK47X3ZLC;
				GENERATE_INFOPLIST_FILE = YES;
				IPHONEOS_DEPLOYMENT_TARGET = 18.5;
				MARKETING_VERSION = 1.0;
				PRODUCT_BUNDLE_IDENTIFIER = com.studiesLeo.ListaTudoTests;
				PRODUCT_NAME = "$(TARGET_NAME)";
				SWIFT_EMIT_LOC_STRINGS = NO;
				SWIFT_VERSION = 5.0;
				TARGETED_DEVICE_FAMILY = "1,2";
				TEST_HOST = "$(BUILT_PRODUCTS_DIR)/ChoreQuest.app/$(BUNDLE_EXECUTABLE_FOLDER_PATH)/ChoreQuest";
			};
			name = Release;
		};
		982A19652E51FE58003F1C26 /* Debug */ = {
			isa = XCBuildConfiguration;
			buildSettings = {
				CODE_SIGN_STYLE = Automatic;
				CURRENT_PROJECT_VERSION = 1;
				DEVELOPMENT_TEAM = KYK47X3ZLC;
				GENERATE_INFOPLIST_FILE = YES;
				MARKETING_VERSION = 1.0;
				PRODUCT_BUNDLE_IDENTIFIER = com.studiesLeo.ListaTudoUITests;
				PRODUCT_NAME = "$(TARGET_NAME)";
				SWIFT_EMIT_LOC_STRINGS = NO;
				SWIFT_VERSION = 5.0;
				TARGETED_DEVICE_FAMILY = "1,2";
				TEST_TARGET_NAME = ListaTudo;
			};
			name = Debug;
		};
		982A19662E51FE58003F1C26 /* Release */ = {
			isa = XCBuildConfiguration;
			buildSettings = {
				CODE_SIGN_STYLE = Automatic;
				CURRENT_PROJECT_VERSION = 1;
				DEVELOPMENT_TEAM = KYK47X3ZLC;
				GENERATE_INFOPLIST_FILE = YES;
				MARKETING_VERSION = 1.0;
				PRODUCT_BUNDLE_IDENTIFIER = com.studiesLeo.ListaTudoUITests;
				PRODUCT_NAME = "$(TARGET_NAME)";
				SWIFT_EMIT_LOC_STRINGS = NO;
				SWIFT_VERSION = 5.0;
				TARGETED_DEVICE_FAMILY = "1,2";
				TEST_TARGET_NAME = ListaTudo;
			};
			name = Release;
		};
/* End XCBuildConfiguration section */

/* Begin XCConfigurationList section */
		982A19382E51FE57003F1C26 /* Build configuration list for PBXProject "ChoreQuest" */ = {
			isa = XCConfigurationList;
			buildConfigurations = (
				982A195C2E51FE58003F1C26 /* Debug */,
				982A195D2E51FE58003F1C26 /* Release */,
			);
			defaultConfigurationIsVisible = 0;
			defaultConfigurationName = Release;
		};
		982A195E2E51FE58003F1C26 /* Build configuration list for PBXNativeTarget "ChoreQuest" */ = {
			isa = XCConfigurationList;
			buildConfigurations = (
				982A195F2E51FE58003F1C26 /* Debug */,
				982A19602E51FE58003F1C26 /* Release */,
			);
			defaultConfigurationIsVisible = 0;
			defaultConfigurationName = Release;
		};
		982A19612E51FE58003F1C26 /* Build configuration list for PBXNativeTarget "ChoreQuestTests" */ = {
			isa = XCConfigurationList;
			buildConfigurations = (
				982A19622E51FE58003F1C26 /* Debug */,
				982A19632E51FE58003F1C26 /* Release */,
			);
			defaultConfigurationIsVisible = 0;
			defaultConfigurationName = Release;
		};
		982A19642E51FE58003F1C26 /* Build configuration list for PBXNativeTarget "ChoreQuestUITests" */ = {
			isa = XCConfigurationList;
			buildConfigurations = (
				982A19652E51FE58003F1C26 /* Debug */,
				982A19662E51FE58003F1C26 /* Release */,
			);
			defaultConfigurationIsVisible = 0;
			defaultConfigurationName = Release;
		};
/* End XCConfigurationList section */
	};
	rootObject = 982A19352E51FE57003F1C26 /* Project object */;
}
